<?xml version="1.0" encoding="utf-8"?>
<Project ToolsVersion="4.0" xmlns="http://schemas.microsoft.com/developer/msbuild/2003">
  <ItemGroup>
    <Filter Include="win32">
      <UniqueIdentifier>{84a8ebd7-7cf0-47f6-b75e-d441df67da40}</UniqueIdentifier>
    </Filter>
    <Filter Include="Classes">
      <UniqueIdentifier>{bb6c862e-70e9-49d9-81b7-3829a6f50471}</UniqueIdentifier>
    </Filter>
    <Filter Include="resource">
      <UniqueIdentifier>{715254bc-d70b-4ec5-bf29-467dd3ace079}</UniqueIdentifier>
    </Filter>
    <Filter Include="Classes\Common">
      <UniqueIdentifier>{3e05a606-85c2-43dd-98a6-0d9b44b6e3dd}</UniqueIdentifier>
    </Filter>
    <Filter Include="Classes\Game">
      <UniqueIdentifier>{54361681-f363-43e9-b578-8be348997153}</UniqueIdentifier>
    </Filter>
    <Filter Include="Classes\Game\GameStateBegin">
      <UniqueIdentifier>{407ccf89-8341-49f3-90d5-438c85f71d67}</UniqueIdentifier>
    </Filter>
    <Filter Include="Classes\Game\GameStateCombat">
      <UniqueIdentifier>{9ad4038e-881b-48af-b5df-c41e4d250188}</UniqueIdentifier>
    </Filter>
    <Filter Include="Classes\Game\GameStateCombat\Scene">
      <UniqueIdentifier>{17628025-01db-4a84-9f69-904b2fc5ee16}</UniqueIdentifier>
    </Filter>
    <Filter Include="Classes\Game\GameStateCombat\Controller">
      <UniqueIdentifier>{d50056e8-57cc-46cf-9f4a-8028be122072}</UniqueIdentifier>
    </Filter>
    <Filter Include="Classes\Game\GameStateCombat\Controller\Recognizer">
      <UniqueIdentifier>{ed3cb3ce-69e3-4ba6-8e56-5f3fe1987d9e}</UniqueIdentifier>
    </Filter>
    <Filter Include="Classes\Game\GameStateCombat\UI">
      <UniqueIdentifier>{b08c05a0-25aa-405b-80b4-a61efb84ed1a}</UniqueIdentifier>
    </Filter>
  </ItemGroup>
  <ItemGroup>
    <ClCompile Include="main.cpp">
      <Filter>win32</Filter>
    </ClCompile>
    <ClCompile Include="..\Classes\AppDelegate.cpp">
      <Filter>Classes</Filter>
    </ClCompile>
    <ClCompile Include="..\Classes\HelloWorldScene.cpp">
      <Filter>Classes</Filter>
    </ClCompile>
    <ClCompile Include="..\Classes\Common\CommonView.cpp">
      <Filter>Classes\Common</Filter>
    </ClCompile>
    <ClCompile Include="..\Classes\Game\Game.cpp">
      <Filter>Classes\Game</Filter>
    </ClCompile>
    <ClCompile Include="..\Classes\Game\GameStateBase.cpp">
      <Filter>Classes\Game</Filter>
    </ClCompile>
    <ClCompile Include="..\Classes\Game\GameStateManager.cpp">
      <Filter>Classes\Game</Filter>
    </ClCompile>
    <ClCompile Include="..\Classes\Game\GameStateCombat\Controller\CombatController.cpp">
      <Filter>Classes\Game\GameStateCombat\Controller</Filter>
    </ClCompile>
    <ClCompile Include="..\Classes\Game\GameStateCombat\Controller\SpecialTouchHandler.cpp">
      <Filter>Classes\Game\GameStateCombat\Controller</Filter>
    </ClCompile>
    <ClCompile Include="..\Classes\Game\GameStateCombat\Controller\TemplateRecorder.cpp">
      <Filter>Classes\Game\GameStateCombat\Controller</Filter>
    </ClCompile>
    <ClCompile Include="..\Classes\Game\GameStateCombat\Controller\Recognizer\GeometricRecognizer.cpp">
      <Filter>Classes\Game\GameStateCombat\Controller\Recognizer</Filter>
    </ClCompile>
    <ClCompile Include="..\Classes\Game\GameStateCombat\Scene\CombatScene.cpp">
      <Filter>Classes\Game\GameStateCombat\Scene</Filter>
    </ClCompile>
    <ClCompile Include="..\Classes\Game\GameStateCombat\UI\CombatUI.cpp">
      <Filter>Classes\Game\GameStateCombat\UI</Filter>
    </ClCompile>
    <ClCompile Include="..\Classes\Game\GameStateCombat\UI\SuperAttackDisplayer.cpp">
      <Filter>Classes\Game\GameStateCombat\UI</Filter>
    </ClCompile>
    <ClCompile Include="..\Classes\Game\GameStateCombat\GameStateCombat.cpp">
      <Filter>Classes\Game\GameStateCombat</Filter>
    </ClCompile>
    <ClCompile Include="..\Classes\Game\GameStateBegin\GameStateBegin.cpp">
      <Filter>Classes\Game\GameStateBegin</Filter>
    </ClCompile>
  </ItemGroup>
  <ItemGroup>
    <ClInclude Include="main.h">
      <Filter>win32</Filter>
    </ClInclude>
    <ClInclude Include="..\Classes\AppDelegate.h">
      <Filter>Classes</Filter>
    </ClInclude>
    <ClInclude Include="..\Classes\HelloWorldScene.h">
      <Filter>Classes</Filter>
    </ClInclude>
    <ClInclude Include="..\Classes\Common\CommonDef.h">
      <Filter>Classes\Common</Filter>
    </ClInclude>
    <ClInclude Include="..\Classes\Common\CommonView.h">
      <Filter>Classes\Common</Filter>
    </ClInclude>
    <ClInclude Include="..\Classes\Game\Game.h">
      <Filter>Classes\Game</Filter>
    </ClInclude>
    <ClInclude Include="..\Classes\Game\GameStateBase.h">
      <Filter>Classes\Game</Filter>
    </ClInclude>
    <ClInclude Include="..\Classes\Game\GameStateManager.h">
      <Filter>Classes\Game</Filter>
    </ClInclude>
    <ClInclude Include="..\Classes\Game\GameStateCombat\CombatCommonDefine.h">
      <Filter>Classes\Game\GameStateCombat</Filter>
    </ClInclude>
    <ClInclude Include="..\Classes\Game\GameStateCombat\Controller\CombatController.h">
      <Filter>Classes\Game\GameStateCombat\Controller</Filter>
    </ClInclude>
    <ClInclude Include="..\Classes\Game\GameStateCombat\Controller\SpecialTouchHandler.h">
      <Filter>Classes\Game\GameStateCombat\Controller</Filter>
    </ClInclude>
    <ClInclude Include="..\Classes\Game\GameStateCombat\Controller\TemplateRecorder.h">
      <Filter>Classes\Game\GameStateCombat\Controller</Filter>
    </ClInclude>
    <ClInclude Include="..\Classes\Game\GameStateCombat\Controller\Recognizer\GeometricRecognizer.h">
      <Filter>Classes\Game\GameStateCombat\Controller\Recognizer</Filter>
    </ClInclude>
    <ClInclude Include="..\Classes\Game\GameStateCombat\Controller\Recognizer\GeometricRecognizerTypes.h">
      <Filter>Classes\Game\GameStateCombat\Controller\Recognizer</Filter>
    </ClInclude>
    <ClInclude Include="..\Classes\Game\GameStateCombat\Controller\Recognizer\GestureTemplate.h">
      <Filter>Classes\Game\GameStateCombat\Controller\Recognizer</Filter>
    </ClInclude>
    <ClInclude Include="..\Classes\Game\GameStateCombat\Controller\Recognizer\PathWriter.h">
      <Filter>Classes\Game\GameStateCombat\Controller\Recognizer</Filter>
    </ClInclude>
    <ClInclude Include="..\Classes\Game\GameStateCombat\Controller\Recognizer\SampleGestures.h">
      <Filter>Classes\Game\GameStateCombat\Controller\Recognizer</Filter>
    </ClInclude>
    <ClInclude Include="..\Classes\Game\GameStateCombat\Scene\CombatScene.h">
      <Filter>Classes\Game\GameStateCombat\Scene</Filter>
    </ClInclude>
    <ClInclude Include="..\Classes\Game\GameStateCombat\UI\CombatUI.h">
      <Filter>Classes\Game\GameStateCombat\UI</Filter>
    </ClInclude>
    <ClInclude Include="..\Classes\Game\GameStateCombat\UI\CombatUINames.h">
      <Filter>Classes\Game\GameStateCombat\UI</Filter>
    </ClInclude>
    <ClInclude Include="..\Classes\Game\GameStateCombat\UI\SuperAttackDisplayer.h">
      <Filter>Classes\Game\GameStateCombat\UI</Filter>
    </ClInclude>
    <ClInclude Include="..\Classes\Game\GameStateCombat\GameStateCombat.h">
      <Filter>Classes\Game\GameStateCombat</Filter>
    </ClInclude>
    <ClInclude Include="..\Classes\Game\GameStateBegin\GameStateBegin.h">
      <Filter>Classes\Game\GameStateBegin</Filter>
    </ClInclude>
  </ItemGroup>
  <ItemGroup>
    <ResourceCompile Include="game.rc">
      <Filter>resource</Filter>
    </ResourceCompile>
  </ItemGroup>
</Project>