<?xml version="1.0" encoding="utf-8"?>
<Project ToolsVersion="4.0" xmlns="http://schemas.microsoft.com/developer/msbuild/2003">
  <ItemGroup>
    <Filter Include="win32">
      <UniqueIdentifier>{84a8ebd7-7cf0-47f6-b75e-d441df67da40}</UniqueIdentifier>
    </Filter>
    <Filter Include="Classes">
      <UniqueIdentifier>{bb6c862e-70e9-49d9-81b7-3829a6f50471}</UniqueIdentifier>
    </Filter>
    <Filter Include="resource">
      <UniqueIdentifier>{715254bc-d70b-4ec5-bf29-467dd3ace079}</UniqueIdentifier>
    </Filter>
    <Filter Include="Classes\CombatScene">
      <UniqueIdentifier>{61da5b2e-c3ee-441b-b42b-30bce75bf4df}</UniqueIdentifier>
    </Filter>
    <Filter Include="Classes\CombatScene\View">
      <UniqueIdentifier>{9d499ade-5f9a-4e4e-ad6d-f5d95f224955}</UniqueIdentifier>
    </Filter>
    <Filter Include="Classes\Common">
      <UniqueIdentifier>{3e05a606-85c2-43dd-98a6-0d9b44b6e3dd}</UniqueIdentifier>
    </Filter>
    <Filter Include="Classes\CombatScene\Controller">
      <UniqueIdentifier>{29339f0b-7cc9-4af5-991c-3fcf6bebac2f}</UniqueIdentifier>
    </Filter>
    <Filter Include="Classes\CombatScene\Controller\Recognizer">
      <UniqueIdentifier>{69f73e77-6d61-4ed5-b3db-98b2ede67061}</UniqueIdentifier>
    </Filter>
  </ItemGroup>
  <ItemGroup>
    <ClCompile Include="main.cpp">
      <Filter>win32</Filter>
    </ClCompile>
    <ClCompile Include="..\Classes\AppDelegate.cpp">
      <Filter>Classes</Filter>
    </ClCompile>
    <ClCompile Include="..\Classes\HelloWorldScene.cpp">
      <Filter>Classes</Filter>
    </ClCompile>
    <ClCompile Include="..\Classes\CombatScene\CombatScene.cpp">
      <Filter>Classes\CombatScene</Filter>
    </ClCompile>
    <ClCompile Include="..\Classes\CombatScene\View\CombatView.cpp">
      <Filter>Classes\CombatScene\View</Filter>
    </ClCompile>
    <ClCompile Include="..\Classes\CombatScene\Controller\CombatController.cpp">
      <Filter>Classes\CombatScene\Controller</Filter>
    </ClCompile>
    <ClCompile Include="..\Classes\CombatScene\Controller\SpecialTouchHandler.cpp">
      <Filter>Classes\CombatScene\Controller</Filter>
    </ClCompile>
    <ClCompile Include="..\Classes\CombatScene\Controller\Recognizer\GeometricRecognizer.cpp">
      <Filter>Classes\CombatScene\Controller\Recognizer</Filter>
    </ClCompile>
    <ClCompile Include="..\Classes\Common\CommonView.cpp">
      <Filter>Classes\Common</Filter>
    </ClCompile>
    <ClCompile Include="..\Classes\CombatScene\Controller\TemplateRecorder.cpp">
      <Filter>Classes\CombatScene\Controller</Filter>
    </ClCompile>
  </ItemGroup>
  <ItemGroup>
    <ClInclude Include="main.h">
      <Filter>win32</Filter>
    </ClInclude>
    <ClInclude Include="..\Classes\AppDelegate.h">
      <Filter>Classes</Filter>
    </ClInclude>
    <ClInclude Include="..\Classes\HelloWorldScene.h">
      <Filter>Classes</Filter>
    </ClInclude>
    <ClInclude Include="..\Classes\CombatScene\CombatScene.h">
      <Filter>Classes\CombatScene</Filter>
    </ClInclude>
    <ClInclude Include="..\Classes\CombatScene\View\CombatView.h">
      <Filter>Classes\CombatScene\View</Filter>
    </ClInclude>
    <ClInclude Include="..\Classes\Common\CommonDef.h">
      <Filter>Classes\Common</Filter>
    </ClInclude>
    <ClInclude Include="..\Classes\CombatScene\Controller\CombatController.h">
      <Filter>Classes\CombatScene\Controller</Filter>
    </ClInclude>
    <ClInclude Include="..\Classes\CombatScene\Controller\SpecialTouchHandler.h">
      <Filter>Classes\CombatScene\Controller</Filter>
    </ClInclude>
    <ClInclude Include="..\Classes\CombatScene\Controller\Recognizer\GeometricRecognizer.h">
      <Filter>Classes\CombatScene\Controller\Recognizer</Filter>
    </ClInclude>
    <ClInclude Include="..\Classes\CombatScene\Controller\Recognizer\GeometricRecognizerTypes.h">
      <Filter>Classes\CombatScene\Controller\Recognizer</Filter>
    </ClInclude>
    <ClInclude Include="..\Classes\CombatScene\Controller\Recognizer\GestureTemplate.h">
      <Filter>Classes\CombatScene\Controller\Recognizer</Filter>
    </ClInclude>
    <ClInclude Include="..\Classes\CombatScene\Controller\Recognizer\PathWriter.h">
      <Filter>Classes\CombatScene\Controller\Recognizer</Filter>
    </ClInclude>
    <ClInclude Include="..\Classes\CombatScene\Controller\Recognizer\SampleGestures.h">
      <Filter>Classes\CombatScene\Controller\Recognizer</Filter>
    </ClInclude>
    <ClInclude Include="..\Classes\CombatScene\View\CombatViewNames.h">
      <Filter>Classes\CombatScene\View</Filter>
    </ClInclude>
    <ClInclude Include="..\Classes\Common\CommonView.h">
      <Filter>Classes\Common</Filter>
    </ClInclude>
    <ClInclude Include="..\Classes\CombatScene\Controller\TemplateRecorder.h">
      <Filter>Classes\CombatScene\Controller</Filter>
    </ClInclude>
    <ClInclude Include="..\Classes\CombatScene\CombatCommonDefine.h">
      <Filter>Classes\CombatScene</Filter>
    </ClInclude>
  </ItemGroup>
  <ItemGroup>
    <ResourceCompile Include="game.rc">
      <Filter>resource</Filter>
    </ResourceCompile>
  </ItemGroup>
</Project>