<?xml version="1.0" encoding="utf-8"?>
<Project ToolsVersion="4.0" xmlns="http://schemas.microsoft.com/developer/msbuild/2003">
  <ItemGroup>
    <Filter Include="win32">
      <UniqueIdentifier>{84a8ebd7-7cf0-47f6-b75e-d441df67da40}</UniqueIdentifier>
    </Filter>
    <Filter Include="Classes">
      <UniqueIdentifier>{bb6c862e-70e9-49d9-81b7-3829a6f50471}</UniqueIdentifier>
    </Filter>
    <Filter Include="resource">
      <UniqueIdentifier>{715254bc-d70b-4ec5-bf29-467dd3ace079}</UniqueIdentifier>
    </Filter>
    <Filter Include="Classes\Common">
      <UniqueIdentifier>{3e05a606-85c2-43dd-98a6-0d9b44b6e3dd}</UniqueIdentifier>
    </Filter>
    <Filter Include="Classes\Game">
      <UniqueIdentifier>{54361681-f363-43e9-b578-8be348997153}</UniqueIdentifier>
    </Filter>
    <Filter Include="Classes\Game\GameStateBegin">
      <UniqueIdentifier>{407ccf89-8341-49f3-90d5-438c85f71d67}</UniqueIdentifier>
    </Filter>
    <Filter Include="Classes\Game\GameStateCombat">
      <UniqueIdentifier>{9ad4038e-881b-48af-b5df-c41e4d250188}</UniqueIdentifier>
    </Filter>
    <Filter Include="Classes\Game\GameStateCombat\Scene">
      <UniqueIdentifier>{17628025-01db-4a84-9f69-904b2fc5ee16}</UniqueIdentifier>
    </Filter>
    <Filter Include="Classes\Game\GameStateCombat\Controller">
      <UniqueIdentifier>{d50056e8-57cc-46cf-9f4a-8028be122072}</UniqueIdentifier>
    </Filter>
    <Filter Include="Classes\Game\GameStateCombat\Controller\Recognizer">
      <UniqueIdentifier>{ed3cb3ce-69e3-4ba6-8e56-5f3fe1987d9e}</UniqueIdentifier>
    </Filter>
    <Filter Include="Classes\Game\GameStateCombat\UI">
      <UniqueIdentifier>{b08c05a0-25aa-405b-80b4-a61efb84ed1a}</UniqueIdentifier>
    </Filter>
    <Filter Include="Classes\Game\GameStateBegin\UI">
      <UniqueIdentifier>{abc0656d-f1a1-41f7-bea8-e8f715ef3f09}</UniqueIdentifier>
    </Filter>
    <Filter Include="Classes\Game\Components">
      <UniqueIdentifier>{c94d16b9-df9d-42b6-9dcc-3dd39d5634d0}</UniqueIdentifier>
    </Filter>
    <Filter Include="Classes\Game\Actors">
      <UniqueIdentifier>{93a2a853-d572-4253-80a1-ee4861c2e74c}</UniqueIdentifier>
    </Filter>
    <Filter Include="Classes\Game\BaseClass">
      <UniqueIdentifier>{15c410f6-45d9-4bfb-ab86-d01b8c33ecd3}</UniqueIdentifier>
    </Filter>
    <Filter Include="Classes\Game\FSM">
      <UniqueIdentifier>{a9cfc259-885d-4c32-8073-3915dcf105d5}</UniqueIdentifier>
    </Filter>
    <Filter Include="Classes\Game\SkillSystem">
      <UniqueIdentifier>{716daa4e-b387-4431-8ae2-cd097defcc98}</UniqueIdentifier>
    </Filter>
  </ItemGroup>
  <ItemGroup>
    <ClCompile Include="main.cpp">
      <Filter>win32</Filter>
    </ClCompile>
    <ClCompile Include="..\Classes\AppDelegate.cpp">
      <Filter>Classes</Filter>
    </ClCompile>
    <ClCompile Include="..\Classes\HelloWorldScene.cpp">
      <Filter>Classes</Filter>
    </ClCompile>
    <ClCompile Include="..\Classes\Common\CommonView.cpp">
      <Filter>Classes\Common</Filter>
    </ClCompile>
    <ClCompile Include="..\Classes\Game\Game.cpp">
      <Filter>Classes\Game</Filter>
    </ClCompile>
    <ClCompile Include="..\Classes\Game\GameStateManager.cpp">
      <Filter>Classes\Game</Filter>
    </ClCompile>
    <ClCompile Include="..\Classes\Game\GameStateCombat\Controller\CombatController.cpp">
      <Filter>Classes\Game\GameStateCombat\Controller</Filter>
    </ClCompile>
    <ClCompile Include="..\Classes\Game\GameStateCombat\Controller\SpecialTouchHandler.cpp">
      <Filter>Classes\Game\GameStateCombat\Controller</Filter>
    </ClCompile>
    <ClCompile Include="..\Classes\Game\GameStateCombat\Controller\TemplateRecorder.cpp">
      <Filter>Classes\Game\GameStateCombat\Controller</Filter>
    </ClCompile>
    <ClCompile Include="..\Classes\Game\GameStateCombat\Controller\Recognizer\GeometricRecognizer.cpp">
      <Filter>Classes\Game\GameStateCombat\Controller\Recognizer</Filter>
    </ClCompile>
    <ClCompile Include="..\Classes\Game\GameStateCombat\Scene\CombatScene.cpp">
      <Filter>Classes\Game\GameStateCombat\Scene</Filter>
    </ClCompile>
    <ClCompile Include="..\Classes\Game\GameStateCombat\UI\CombatUI.cpp">
      <Filter>Classes\Game\GameStateCombat\UI</Filter>
    </ClCompile>
    <ClCompile Include="..\Classes\Game\GameStateCombat\UI\SuperAttackDisplayer.cpp">
      <Filter>Classes\Game\GameStateCombat\UI</Filter>
    </ClCompile>
    <ClCompile Include="..\Classes\Game\GameStateCombat\GameStateCombat.cpp">
      <Filter>Classes\Game\GameStateCombat</Filter>
    </ClCompile>
    <ClCompile Include="..\Classes\Game\GameStateBegin\GameStateBegin.cpp">
      <Filter>Classes\Game\GameStateBegin</Filter>
    </ClCompile>
    <ClCompile Include="..\Classes\Game\GameStateBegin\UI\BeginUI.cpp">
      <Filter>Classes\Game\GameStateBegin\UI</Filter>
    </ClCompile>
    <ClCompile Include="..\Classes\Game\LoadingScene.cpp">
      <Filter>Classes\Game</Filter>
    </ClCompile>
    <ClCompile Include="..\Classes\Game\components\Movement.cpp">
      <Filter>Classes\Game\Components</Filter>
    </ClCompile>
    <ClCompile Include="..\Classes\Game\BaseClass\GameStateBase.cpp">
      <Filter>Classes\Game\BaseClass</Filter>
    </ClCompile>
    <ClCompile Include="..\Classes\Game\BaseClass\Component.cpp">
      <Filter>Classes\Game\BaseClass</Filter>
    </ClCompile>
    <ClCompile Include="..\Classes\Game\BaseClass\Entity.cpp">
      <Filter>Classes\Game\BaseClass</Filter>
    </ClCompile>
    <ClCompile Include="..\Classes\Game\BaseClass\FSMState.cpp">
      <Filter>Classes\Game\BaseClass</Filter>
    </ClCompile>
    <ClCompile Include="..\Classes\Game\Actor\Actor.cpp">
      <Filter>Classes\Game\Actors</Filter>
    </ClCompile>
    <ClCompile Include="..\Classes\Game\Actor\Player.cpp">
      <Filter>Classes\Game\Actors</Filter>
    </ClCompile>
    <ClCompile Include="..\Classes\Game\FSM\FSM.cpp">
      <Filter>Classes\Game\FSM</Filter>
    </ClCompile>
    <ClCompile Include="..\Classes\Game\SkillSystem\SkillSystem.cpp">
      <Filter>Classes\Game\SkillSystem</Filter>
    </ClCompile>
    <ClCompile Include="..\Classes\Game\SkillSystem\SkillInfo.cpp">
      <Filter>Classes\Game\SkillSystem</Filter>
    </ClCompile>
    <ClCompile Include="..\Classes\Game\SkillSystem\SkillInfoManager.cpp">
      <Filter>Classes\Game\SkillSystem</Filter>
    </ClCompile>
    <ClCompile Include="..\Classes\Game\GameStateCombat\Scene\SceneTouchLayer.cpp">
      <Filter>Classes\Game\GameStateCombat\Scene</Filter>
    </ClCompile>
    <ClCompile Include="..\Classes\Game\GameStateCombat\Scene\CombatArea.cpp">
      <Filter>Classes\Game\GameStateCombat\Scene</Filter>
    </ClCompile>
    <ClCompile Include="..\Classes\Game\Actor\ActorManager.cpp">
      <Filter>Classes\Game\Actors</Filter>
    </ClCompile>
    <ClCompile Include="..\Classes\Game\BaseClass\EntitySystem.cpp">
      <Filter>Classes\Game\BaseClass</Filter>
    </ClCompile>
    <ClCompile Include="..\Classes\Game\GameStateCombat\UI\CombatMenu.cpp">
      <Filter>Classes\Game\GameStateCombat\UI</Filter>
    </ClCompile>
    <ClCompile Include="..\Classes\Game\StringInfoManager.cpp">
      <Filter>Classes\Game</Filter>
    </ClCompile>
  </ItemGroup>
  <ItemGroup>
    <ClInclude Include="main.h">
      <Filter>win32</Filter>
    </ClInclude>
    <ClInclude Include="..\Classes\AppDelegate.h">
      <Filter>Classes</Filter>
    </ClInclude>
    <ClInclude Include="..\Classes\HelloWorldScene.h">
      <Filter>Classes</Filter>
    </ClInclude>
    <ClInclude Include="..\Classes\Common\CommonDef.h">
      <Filter>Classes\Common</Filter>
    </ClInclude>
    <ClInclude Include="..\Classes\Common\CommonView.h">
      <Filter>Classes\Common</Filter>
    </ClInclude>
    <ClInclude Include="..\Classes\Game\Game.h">
      <Filter>Classes\Game</Filter>
    </ClInclude>
    <ClInclude Include="..\Classes\Game\GameStateManager.h">
      <Filter>Classes\Game</Filter>
    </ClInclude>
    <ClInclude Include="..\Classes\Game\GameStateCombat\CombatCommonDefine.h">
      <Filter>Classes\Game\GameStateCombat</Filter>
    </ClInclude>
    <ClInclude Include="..\Classes\Game\GameStateCombat\Controller\CombatController.h">
      <Filter>Classes\Game\GameStateCombat\Controller</Filter>
    </ClInclude>
    <ClInclude Include="..\Classes\Game\GameStateCombat\Controller\SpecialTouchHandler.h">
      <Filter>Classes\Game\GameStateCombat\Controller</Filter>
    </ClInclude>
    <ClInclude Include="..\Classes\Game\GameStateCombat\Controller\TemplateRecorder.h">
      <Filter>Classes\Game\GameStateCombat\Controller</Filter>
    </ClInclude>
    <ClInclude Include="..\Classes\Game\GameStateCombat\Controller\Recognizer\GeometricRecognizer.h">
      <Filter>Classes\Game\GameStateCombat\Controller\Recognizer</Filter>
    </ClInclude>
    <ClInclude Include="..\Classes\Game\GameStateCombat\Controller\Recognizer\GeometricRecognizerTypes.h">
      <Filter>Classes\Game\GameStateCombat\Controller\Recognizer</Filter>
    </ClInclude>
    <ClInclude Include="..\Classes\Game\GameStateCombat\Controller\Recognizer\GestureTemplate.h">
      <Filter>Classes\Game\GameStateCombat\Controller\Recognizer</Filter>
    </ClInclude>
    <ClInclude Include="..\Classes\Game\GameStateCombat\Controller\Recognizer\PathWriter.h">
      <Filter>Classes\Game\GameStateCombat\Controller\Recognizer</Filter>
    </ClInclude>
    <ClInclude Include="..\Classes\Game\GameStateCombat\Controller\Recognizer\SampleGestures.h">
      <Filter>Classes\Game\GameStateCombat\Controller\Recognizer</Filter>
    </ClInclude>
    <ClInclude Include="..\Classes\Game\GameStateCombat\Scene\CombatScene.h">
      <Filter>Classes\Game\GameStateCombat\Scene</Filter>
    </ClInclude>
    <ClInclude Include="..\Classes\Game\GameStateCombat\UI\CombatUI.h">
      <Filter>Classes\Game\GameStateCombat\UI</Filter>
    </ClInclude>
    <ClInclude Include="..\Classes\Game\GameStateCombat\UI\CombatUINames.h">
      <Filter>Classes\Game\GameStateCombat\UI</Filter>
    </ClInclude>
    <ClInclude Include="..\Classes\Game\GameStateCombat\UI\SuperAttackDisplayer.h">
      <Filter>Classes\Game\GameStateCombat\UI</Filter>
    </ClInclude>
    <ClInclude Include="..\Classes\Game\GameStateCombat\GameStateCombat.h">
      <Filter>Classes\Game\GameStateCombat</Filter>
    </ClInclude>
    <ClInclude Include="..\Classes\Game\GameStateBegin\GameStateBegin.h">
      <Filter>Classes\Game\GameStateBegin</Filter>
    </ClInclude>
    <ClInclude Include="..\Classes\Game\GameStateBegin\UI\BeginUI.h">
      <Filter>Classes\Game\GameStateBegin\UI</Filter>
    </ClInclude>
    <ClInclude Include="..\Classes\Game\LoadingScene.h">
      <Filter>Classes\Game</Filter>
    </ClInclude>
    <ClInclude Include="..\Classes\Game\components\Movement.h">
      <Filter>Classes\Game\Components</Filter>
    </ClInclude>
    <ClInclude Include="..\Classes\Game\BaseClass\GameStateBase.h">
      <Filter>Classes\Game\BaseClass</Filter>
    </ClInclude>
    <ClInclude Include="..\Classes\Game\BaseClass\Component.h">
      <Filter>Classes\Game\BaseClass</Filter>
    </ClInclude>
    <ClInclude Include="..\Classes\Game\BaseClass\Entity.h">
      <Filter>Classes\Game\BaseClass</Filter>
    </ClInclude>
    <ClInclude Include="..\Classes\Game\BaseClass\FSMState.h">
      <Filter>Classes\Game\BaseClass</Filter>
    </ClInclude>
    <ClInclude Include="..\Classes\Game\Actor\Actor.h">
      <Filter>Classes\Game\Actors</Filter>
    </ClInclude>
    <ClInclude Include="..\Classes\Game\Actor\Player.h">
      <Filter>Classes\Game\Actors</Filter>
    </ClInclude>
    <ClInclude Include="..\Classes\Game\FSM\FSM.h">
      <Filter>Classes\Game\FSM</Filter>
    </ClInclude>
    <ClInclude Include="..\Classes\Game\SkillSystem\SkillSystem.h">
      <Filter>Classes\Game\SkillSystem</Filter>
    </ClInclude>
    <ClInclude Include="..\Classes\Game\SkillSystem\SkillInfo.h">
      <Filter>Classes\Game\SkillSystem</Filter>
    </ClInclude>
    <ClInclude Include="..\Classes\Game\SkillSystem\SkillInfoManager.h">
      <Filter>Classes\Game\SkillSystem</Filter>
    </ClInclude>
    <ClInclude Include="..\Classes\Game\GameStateCombat\Scene\SceneTouchLayer.h">
      <Filter>Classes\Game\GameStateCombat\Scene</Filter>
    </ClInclude>
    <ClInclude Include="..\Classes\Game\GameStateCombat\Scene\CombatArea.h">
      <Filter>Classes\Game\GameStateCombat\Scene</Filter>
    </ClInclude>
    <ClInclude Include="..\Classes\Common\GamePos.h">
      <Filter>Classes\Common</Filter>
    </ClInclude>
    <ClInclude Include="..\Classes\Game\BaseClass\PosConverter.h">
      <Filter>Classes\Game\BaseClass</Filter>
    </ClInclude>
    <ClInclude Include="..\Classes\Game\Actor\ActorManager.h">
      <Filter>Classes\Game\Actors</Filter>
    </ClInclude>
    <ClInclude Include="..\Classes\Game\BaseClass\EntitySystem.h">
      <Filter>Classes\Game\BaseClass</Filter>
    </ClInclude>
    <ClInclude Include="..\Classes\Game\BaseClass\SaltBufferArray.h">
      <Filter>Classes\Game\BaseClass</Filter>
    </ClInclude>
    <ClInclude Include="..\Classes\Game\BaseClass\SaltHandle.h">
      <Filter>Classes\Game\BaseClass</Filter>
    </ClInclude>
    <ClInclude Include="..\Classes\Game\GameStateCombat\UI\CombatMenu.h">
      <Filter>Classes\Game\GameStateCombat\UI</Filter>
    </ClInclude>
    <ClInclude Include="..\Classes\Game\StringInfoManager.h">
      <Filter>Classes\Game</Filter>
    </ClInclude>
  </ItemGroup>
  <ItemGroup>
    <ResourceCompile Include="game.rc">
      <Filter>resource</Filter>
    </ResourceCompile>
  </ItemGroup>
</Project>